
Microsoft Visual Studio Solution File, Format Version 12.00
# Visual Studio Version 17
VisualStudioVersion = 17.0.31919.166
MinimumVisualStudioVersion = 10.0.40219.1
Project("{FAE04EC0-301F-11D3-BF4B-00C04F79EFBC}") = "TraceRouteApi", "TraceRouteApi.csproj", "{2C76B12D-8E42-4754-88B4-2E8583F863F6}"
EndProject
Global
	GlobalSection(SolutionConfigurationPlatforms) = preSolution
		Debug|Any CPU = Debug|Any CPU
		Release|Any CPU = Release|Any CPU
	EndGlobalSection
	GlobalSection(ProjectConfigurationPlatforms) = postSolution
		{2C76B12D-8E42-4754-88B4-2E8583F863F6}.Debug|Any CPU.ActiveCfg = Debug|Any CPU
		{2C76B12D-8E42-4754-88B4-2E8583F863F6}.Debug|Any CPU.Build.0 = Debug|Any CPU
		{2C76B12D-8E42-4754-88B4-2E8583F863F6}.Release|Any CPU.ActiveCfg = Release|Any CPU
		{2C76B12D-8E42-4754-88B4-2E8583F863F6}.Release|Any CPU.Build.0 = Release|Any CPU
	EndGlobalSection
	GlobalSection(SolutionProperties) = preSolution
		HideSolutionNode = FALSE
	EndGlobalSection
	GlobalSection(ExtensibilityGlobals) = postSolution
		SolutionGuid = {99D33161-8015-4E3A-883F-180963EECA26}
	EndGlobalSection
EndGlobal
